
Microsoft Visual Studio Solution File, Format Version 12.00
# Visual Studio 15
VisualStudioVersion = 15.0.26730.0
MinimumVisualStudioVersion = 10.0.40219.1
Project("{2150E333-8FDC-42A3-9474-1A3956D46DE8}") = "src", "src", "{EEF46539-3707-4747-AA4E-B87C936A133E}"
EndProject
Project("{2150E333-8FDC-42A3-9474-1A3956D46DE8}") = "test", "test", "{5738CDCD-473D-4D46-987B-76443535FDBF}"
EndProject
Project("{2150E333-8FDC-42A3-9474-1A3956D46DE8}") = "samples", "samples", "{F3206BF4-D164-4FB6-82D8-CAC7D63AC6A7}"
EndProject
Project("{FAE04EC0-301F-11D3-BF4B-00C04F79EFBC}") = "DDDN.Office.ODT", "ODT\DDDN.Office.ODT.csproj", "{D4240046-949A-40F7-87E7-551C5DBE5DCF}"
EndProject
Global
	GlobalSection(SolutionConfigurationPlatforms) = preSolution
		Debug|Any CPU = Debug|Any CPU
		Release|Any CPU = Release|Any CPU
	EndGlobalSection
	GlobalSection(ProjectConfigurationPlatforms) = postSolution
		{D4240046-949A-40F7-87E7-551C5DBE5DCF}.Debug|Any CPU.ActiveCfg = Debug|Any CPU
		{D4240046-949A-40F7-87E7-551C5DBE5DCF}.Debug|Any CPU.Build.0 = Debug|Any CPU
		{D4240046-949A-40F7-87E7-551C5DBE5DCF}.Release|Any CPU.ActiveCfg = Release|Any CPU
		{D4240046-949A-40F7-87E7-551C5DBE5DCF}.Release|Any CPU.Build.0 = Release|Any CPU
	EndGlobalSection
	GlobalSection(SolutionProperties) = preSolution
		HideSolutionNode = FALSE
	EndGlobalSection
	GlobalSection(NestedProjects) = preSolution
		{D4240046-949A-40F7-87E7-551C5DBE5DCF} = {EEF46539-3707-4747-AA4E-B87C936A133E}
	EndGlobalSection
	GlobalSection(ExtensibilityGlobals) = postSolution
		SolutionGuid = {AE9538EF-2E7F-4176-BA19-7C693BE741B4}
	EndGlobalSection
EndGlobal
